# THIS IS AN AUTOGENERATED FILE. DO NOT EDIT THIS FILE DIRECTLY.
# yarn lockfile v1


"@microsoft/load-themed-styles@^1.7.13":
  version "1.10.5"
  resolved "https://registry.yarnpkg.com/@microsoft/load-themed-styles/-/load-themed-styles-1.10.5.tgz#c68582595d8323aa6959a7919ae3e2bfadaf720e"
  integrity sha512-pqEQ5t47lHI5J0YSxn+IcjNNRwuMUAiKDWF2/cGAumBLcAQ3Q4/Jvslny1n6CFIBs4QDl4dap6guQuAXsSjEQQ==

"@uifabric/example-data@^7.0.1":
  version "7.0.1"
  resolved "https://registry.yarnpkg.com/@uifabric/example-data/-/example-data-7.0.1.tgz#8d5104ffbfa5c5b2589fa60f753932e536fd1003"
  integrity sha512-HWw2lAbF5Fn1NhmxxEpzgWrprEsQ7+Ut71zpAHdCJoVCVeesHl03gY/obBIz8ogrufW0RIlkrNSredy6uRzYDQ==
  dependencies:
    tslib "^1.7.1"

"@uifabric/foundation@^7.4.1":
  version "7.4.1"
  resolved "https://registry.yarnpkg.com/@uifabric/foundation/-/foundation-7.4.1.tgz#fc94fa20ddc876ce77b4f74009bf8bde6cb83023"
  integrity sha512-JO31EbOhLtI1ugX5VcoW0HQTrdcDmR75nd3TG7dQqo1E7XjnQg1O/1jC8nFiPfC0L8rX4E3MrTib3f/ju0BSMA==
  dependencies:
    "@uifabric/set-version" "^7.0.2"
    "@uifabric/styling" "^7.6.2"
    "@uifabric/utilities" "^7.0.9"
    tslib "^1.7.1"

"@uifabric/icons@^7.2.1":
  version "7.2.1"
  resolved "https://registry.yarnpkg.com/@uifabric/icons/-/icons-7.2.1.tgz#b41f52c3c8443d66c2947f3a0368a8e45f469f9f"
  integrity sha512-KRxg6wpUaWKiEmVpjXsSF5KcwzCNDMD72n7dL9oG4UuEouT+vENDQjOh/Pw2jmPWkBmBVwpnqXrNJa8hlKQ7pQ==
  dependencies:
    "@uifabric/set-version" "^7.0.2"
    "@uifabric/styling" "^7.6.2"
    tslib "^1.7.1"

"@uifabric/merge-styles@^7.5.1", "@uifabric/merge-styles@^7.5.2":
  version "7.5.2"
  resolved "https://registry.yarnpkg.com/@uifabric/merge-styles/-/merge-styles-7.5.2.tgz#78a0196d701b9e5444b2a51e2e55c780ce2d4967"
  integrity sha512-/YvYO45NSLpf85nxHaLVP4XrOC+yolSwrMewjcAyCNoTZcx70j4h69xSAWxCIijyebWndE5Yujklluby+8aAwA==
  dependencies:
    "@uifabric/set-version" "^7.0.2"
    tslib "^1.7.1"

"@uifabric/set-version@^7.0.2":
  version "7.0.2"
  resolved "https://registry.yarnpkg.com/@uifabric/set-version/-/set-version-7.0.2.tgz#9e2aede95e5cad58151e6ab0f94cc6efaef68c13"
  integrity sha512-3mQp7gqPOqphwX74j+N/lJEFeivKPv8ryY9QFXUxVPnrXNwpIkDW9Wk6CPqArzgGvQngRRKYD/PcyP5iuHN52A==
  dependencies:
    tslib "^1.7.1"

"@uifabric/styling@^7.6.2":
  version "7.6.2"
  resolved "https://registry.yarnpkg.com/@uifabric/styling/-/styling-7.6.2.tgz#b9aa18715558473cb789bb4dbfb96c2465652f9c"
  integrity sha512-2l4N8dpHk4kHj+EKRuLrguLJcgwrXWsn3W5cbP34C9q6xrN8ShmZE3ce8TBzT1kLPtjkrUpiJXtV5qqfc/uNXg==
  dependencies:
    "@microsoft/load-themed-styles" "^1.7.13"
    "@uifabric/merge-styles" "^7.5.1"
    "@uifabric/set-version" "^7.0.2"
    "@uifabric/utilities" "^7.0.9"
    tslib "^1.7.1"

"@uifabric/utilities@^7.0.9":
  version "7.0.10"
  resolved "https://registry.yarnpkg.com/@uifabric/utilities/-/utilities-7.0.10.tgz#cadbc6689c417ec01afc029a2894027bd80215dc"
  integrity sha512-M5phvmW+cfy/IEPVWR7mWqNj4qzCtRMW1Xj84rxjHdL6ReNcW35kCvlvH7X3Ygid1En7e/jWK/f0fssUsh9EIA==
  dependencies:
    "@uifabric/merge-styles" "^7.5.2"
    "@uifabric/set-version" "^7.0.2"
    prop-types "^15.5.10"
    tslib "^1.7.1"

"js-tokens@^3.0.0 || ^4.0.0":
  version "4.0.0"
  resolved "https://registry.yarnpkg.com/js-tokens/-/js-tokens-4.0.0.tgz#19203fb59991df98e3a287050d4647cdeaf32499"
  integrity sha512-RdJUflcE3cUzKiMqQgsCu06FPu9UdIJO0beYbPhHN4k6apgJtifcoCtT9bcxOpYBtpD2kCM6Sbzg4CausW/PKQ==

loose-envify@^1.4.0:
  version "1.4.0"
  resolved "https://registry.yarnpkg.com/loose-envify/-/loose-envify-1.4.0.tgz#71ee51fa7be4caec1a63839f7e682d8132d30caf"
  integrity sha512-lyuxPGr/Wfhrlem2CL/UcnUc1zcqKAImBDzukY7Y5F/yQiNdko6+fRLevlw1HgMySw7f611UIY408EtxRSoK3Q==
  dependencies:
    js-tokens "^3.0.0 || ^4.0.0"

object-assign@^4.1.1:
  version "4.1.1"
  resolved "https://registry.yarnpkg.com/object-assign/-/object-assign-4.1.1.tgz#2109adc7965887cfc05cbbd442cac8bfbb360863"
  integrity sha1-IQmtx5ZYh8/AXLvUQsrIv7s2CGM=

office-ui-fabric-react@latest:
  version "7.32.0"
  resolved "https://registry.yarnpkg.com/office-ui-fabric-react/-/office-ui-fabric-react-7.32.0.tgz#e49d95ccf44d3e5911664c88aa4bf4b9f11383fd"
  integrity sha512-HKSU4WtS/zH2SKa4G4NFfD6Ao4tKBMQa2nlDB5/x+43Mg8tItjkYDPjm1i+4+bp0HukR7MrtRJBGCmhb7GWHdQ==
  dependencies:
    "@microsoft/load-themed-styles" "^1.7.13"
    "@uifabric/example-data" "^7.0.1"
    "@uifabric/foundation" "^7.4.1"
    "@uifabric/icons" "^7.2.1"
    "@uifabric/merge-styles" "^7.5.2"
    "@uifabric/set-version" "^7.0.2"
    "@uifabric/styling" "^7.6.2"
    "@uifabric/utilities" "^7.0.9"
    prop-types "^15.5.10"
    tslib "^1.7.1"

prop-types@^15.5.10:
  version "15.7.2"
  resolved "https://registry.yarnpkg.com/prop-types/-/prop-types-15.7.2.tgz#52c41e75b8c87e72b9d9360e0206b99dcbffa6c5"
  integrity sha512-8QQikdH7//R2vurIJSutZ1smHYTcLpRWEOlHnzcWHmBYrOGUysKwSsrC89BCiFj3CbrfJ/nXFdJepOVrY1GCHQ==
  dependencies:
    loose-envify "^1.4.0"
    object-assign "^4.1.1"
    react-is "^16.8.1"

react-is@^16.8.1:
  version "16.9.0"
  resolved "https://registry.yarnpkg.com/react-is/-/react-is-16.9.0.tgz#21ca9561399aad0ff1a7701c01683e8ca981edcb"
  integrity sha512-tJBzzzIgnnRfEm046qRcURvwQnZVXmuCbscxUO5RWrGTXpon2d4c8mI0D8WE6ydVIm29JiLB6+RslkIvym9Rjw==

tslib@^1.7.1:
  version "1.10.0"
  resolved "https://registry.yarnpkg.com/tslib/-/tslib-1.10.0.tgz#c3c19f95973fb0a62973fb09d90d961ee43e5c8a"
  integrity sha512-qOebF53frne81cf0S9B41ByenJ3/IuH8yJKngAX35CmiZySA0khhkovshKK+jGCaMnVomla7gVlIcc3EvKPbTQ==
